
Microsoft Visual Studio Solution File, Format Version 12.00
# Visual Studio Version 16
VisualStudioVersion = 16.0.32126.315
MinimumVisualStudioVersion = 10.0.40219.1
Project("{FAE04EC0-301F-11D3-BF4B-00C04F79EFBC}") = "cursomvcapi", "cursomvcapi\cursomvcapi.csproj", "{D9B6AA4A-FD35-46F9-98EE-5DFE8B460D49}"
EndProject
Global
	GlobalSection(SolutionConfigurationPlatforms) = preSolution
		Debug|Any CPU = Debug|Any CPU
		Release|Any CPU = Release|Any CPU
	EndGlobalSection
	GlobalSection(ProjectConfigurationPlatforms) = postSolution
		{D9B6AA4A-FD35-46F9-98EE-5DFE8B460D49}.Debug|Any CPU.ActiveCfg = Debug|Any CPU
		{D9B6AA4A-FD35-46F9-98EE-5DFE8B460D49}.Debug|Any CPU.Build.0 = Debug|Any CPU
		{D9B6AA4A-FD35-46F9-98EE-5DFE8B460D49}.Release|Any CPU.ActiveCfg = Release|Any CPU
		{D9B6AA4A-FD35-46F9-98EE-5DFE8B460D49}.Release|Any CPU.Build.0 = Release|Any CPU
	EndGlobalSection
	GlobalSection(SolutionProperties) = preSolution
		HideSolutionNode = FALSE
	EndGlobalSection
	GlobalSection(ExtensibilityGlobals) = postSolution
		SolutionGuid = {52889EE3-47C0-42A2-96BF-2B4342EC60DF}
	EndGlobalSection
EndGlobal
